
Microsoft Visual Studio Solution File, Format Version 12.00
# Visual Studio Version 16
VisualStudioVersion = 16.0.29728.190
MinimumVisualStudioVersion = 10.0.40219.1
Project("{9A19103F-16F7-4668-BE54-9A1E7A4F7556}") = "HandmadeMapper", "HandmadeMapper\HandmadeMapper.csproj", "{DFB5F66D-4A8B-4F10-A0F8-E395A25D523D}"
EndProject
Project("{9A19103F-16F7-4668-BE54-9A1E7A4F7556}") = "HandmadeMapper.Extensions.Ioc.DependencyInjection", "HandmadeMapper.Extensions.Ioc.DependencyInjection\HandmadeMapper.Extensions.Ioc.DependencyInjection.csproj", "{D2CE2F21-E85A-4354-9BD5-F4396BF201A3}"
EndProject
Project("{9A19103F-16F7-4668-BE54-9A1E7A4F7556}") = "HandmadeMapper.Tests", "HandmadeMapper.Tests\HandmadeMapper.Tests.csproj", "{0BC45BC2-2620-4286-8958-AA45E05BA3FA}"
EndProject
Project("{9A19103F-16F7-4668-BE54-9A1E7A4F7556}") = "HandmadeMapper.Extensions.Ioc.Base", "HandmadeMapper.Extensions.Ioc.Base\HandmadeMapper.Extensions.Ioc.Base.csproj", "{B8A5B502-4E32-4178-9FC0-527102AA2B7B}"
EndProject
Project("{9A19103F-16F7-4668-BE54-9A1E7A4F7556}") = "HandmadeMapper.Extensions.Ioc.Base.Tests", "HandmadeMapper.Extensions.Ioc.Base.Tests\HandmadeMapper.Extensions.Ioc.Base.Tests.csproj", "{151927F3-918F-4A88-B808-4AAC4EDA7467}"
EndProject
Project("{FAE04EC0-301F-11D3-BF4B-00C04F79EFBC}") = "HandmadeMapper.Extensions.Ioc.DryIoc", "HandmadeMapper.Extensions.Ioc.DryIoc\HandmadeMapper.Extensions.Ioc.DryIoc.csproj", "{76ADFB53-88FD-4C15-8439-0768A0717AFD}"
EndProject
Global
	GlobalSection(SolutionConfigurationPlatforms) = preSolution
		Debug|Any CPU = Debug|Any CPU
		Release|Any CPU = Release|Any CPU
	EndGlobalSection
	GlobalSection(ProjectConfigurationPlatforms) = postSolution
		{DFB5F66D-4A8B-4F10-A0F8-E395A25D523D}.Debug|Any CPU.ActiveCfg = Debug|Any CPU
		{DFB5F66D-4A8B-4F10-A0F8-E395A25D523D}.Debug|Any CPU.Build.0 = Debug|Any CPU
		{DFB5F66D-4A8B-4F10-A0F8-E395A25D523D}.Release|Any CPU.ActiveCfg = Release|Any CPU
		{DFB5F66D-4A8B-4F10-A0F8-E395A25D523D}.Release|Any CPU.Build.0 = Release|Any CPU
		{D2CE2F21-E85A-4354-9BD5-F4396BF201A3}.Debug|Any CPU.ActiveCfg = Debug|Any CPU
		{D2CE2F21-E85A-4354-9BD5-F4396BF201A3}.Debug|Any CPU.Build.0 = Debug|Any CPU
		{D2CE2F21-E85A-4354-9BD5-F4396BF201A3}.Release|Any CPU.ActiveCfg = Release|Any CPU
		{D2CE2F21-E85A-4354-9BD5-F4396BF201A3}.Release|Any CPU.Build.0 = Release|Any CPU
		{0BC45BC2-2620-4286-8958-AA45E05BA3FA}.Debug|Any CPU.ActiveCfg = Debug|Any CPU
		{0BC45BC2-2620-4286-8958-AA45E05BA3FA}.Debug|Any CPU.Build.0 = Debug|Any CPU
		{0BC45BC2-2620-4286-8958-AA45E05BA3FA}.Release|Any CPU.ActiveCfg = Release|Any CPU
		{0BC45BC2-2620-4286-8958-AA45E05BA3FA}.Release|Any CPU.Build.0 = Release|Any CPU
		{B8A5B502-4E32-4178-9FC0-527102AA2B7B}.Debug|Any CPU.ActiveCfg = Debug|Any CPU
		{B8A5B502-4E32-4178-9FC0-527102AA2B7B}.Debug|Any CPU.Build.0 = Debug|Any CPU
		{B8A5B502-4E32-4178-9FC0-527102AA2B7B}.Release|Any CPU.ActiveCfg = Release|Any CPU
		{B8A5B502-4E32-4178-9FC0-527102AA2B7B}.Release|Any CPU.Build.0 = Release|Any CPU
		{151927F3-918F-4A88-B808-4AAC4EDA7467}.Debug|Any CPU.ActiveCfg = Debug|Any CPU
		{151927F3-918F-4A88-B808-4AAC4EDA7467}.Debug|Any CPU.Build.0 = Debug|Any CPU
		{151927F3-918F-4A88-B808-4AAC4EDA7467}.Release|Any CPU.ActiveCfg = Release|Any CPU
		{151927F3-918F-4A88-B808-4AAC4EDA7467}.Release|Any CPU.Build.0 = Release|Any CPU
		{76ADFB53-88FD-4C15-8439-0768A0717AFD}.Debug|Any CPU.ActiveCfg = Debug|Any CPU
		{76ADFB53-88FD-4C15-8439-0768A0717AFD}.Debug|Any CPU.Build.0 = Debug|Any CPU
		{76ADFB53-88FD-4C15-8439-0768A0717AFD}.Release|Any CPU.ActiveCfg = Release|Any CPU
		{76ADFB53-88FD-4C15-8439-0768A0717AFD}.Release|Any CPU.Build.0 = Release|Any CPU
	EndGlobalSection
	GlobalSection(SolutionProperties) = preSolution
		HideSolutionNode = FALSE
	EndGlobalSection
	GlobalSection(ExtensibilityGlobals) = postSolution
		SolutionGuid = {351C4A9B-C4B1-46EF-9B5D-C08C6CB5A742}
	EndGlobalSection
EndGlobal
